
Microsoft Visual Studio Solution File, Format Version 12.00
# Visual Studio Version 16
VisualStudioVersion = 16.0.30717.126
MinimumVisualStudioVersion = 10.0.40219.1
Project("{9A19103F-16F7-4668-BE54-9A1E7A4F7556}") = "ONNXModelExample", "ONNXModelExample\ONNXModelExample.csproj", "{A5970B6E-D781-4741-9E5E-F22A1554C7F3}"
EndProject
Global
	GlobalSection(SolutionConfigurationPlatforms) = preSolution
		Debug|Any CPU = Debug|Any CPU
		Release|Any CPU = Release|Any CPU
	EndGlobalSection
	GlobalSection(ProjectConfigurationPlatforms) = postSolution
		{A5970B6E-D781-4741-9E5E-F22A1554C7F3}.Debug|Any CPU.ActiveCfg = Debug|Any CPU
		{A5970B6E-D781-4741-9E5E-F22A1554C7F3}.Debug|Any CPU.Build.0 = Debug|Any CPU
		{A5970B6E-D781-4741-9E5E-F22A1554C7F3}.Release|Any CPU.ActiveCfg = Release|Any CPU
		{A5970B6E-D781-4741-9E5E-F22A1554C7F3}.Release|Any CPU.Build.0 = Release|Any CPU
	EndGlobalSection
	GlobalSection(SolutionProperties) = preSolution
		HideSolutionNode = FALSE
	EndGlobalSection
	GlobalSection(ExtensibilityGlobals) = postSolution
		SolutionGuid = {FB4D3CD5-9D80-4671-9FB6-72741737EFCA}
	EndGlobalSection
EndGlobal
